
Microsoft Visual Studio Solution File, Format Version 12.00
# Visual Studio Version 17
VisualStudioVersion = 17.7.34202.233
MinimumVisualStudioVersion = 10.0.40219.1
Project("{FAE04EC0-301F-11D3-BF4B-00C04F79EFBC}") = "Assignment_1", "Assignment_1\Assignment_1.csproj", "{93AC4FD4-367F-4E38-B189-63A75990727F}"
EndProject
Global
	GlobalSection(SolutionConfigurationPlatforms) = preSolution
		Debug|Any CPU = Debug|Any CPU
		Release|Any CPU = Release|Any CPU
	EndGlobalSection
	GlobalSection(ProjectConfigurationPlatforms) = postSolution
		{93AC4FD4-367F-4E38-B189-63A75990727F}.Debug|Any CPU.ActiveCfg = Debug|Any CPU
		{93AC4FD4-367F-4E38-B189-63A75990727F}.Debug|Any CPU.Build.0 = Debug|Any CPU
		{93AC4FD4-367F-4E38-B189-63A75990727F}.Release|Any CPU.ActiveCfg = Release|Any CPU
		{93AC4FD4-367F-4E38-B189-63A75990727F}.Release|Any CPU.Build.0 = Release|Any CPU
	EndGlobalSection
	GlobalSection(SolutionProperties) = preSolution
		HideSolutionNode = FALSE
	EndGlobalSection
	GlobalSection(ExtensibilityGlobals) = postSolution
		SolutionGuid = {D3598DFF-E218-4A9D-99D9-32C87FF3CC2C}
	EndGlobalSection
EndGlobal
